// !$*UTF8*$!
{
	archiveVersion = 1;
	classes = {
	};
	objectVersion = 50;
	objects = {

/* Begin PBXBuildFile section */
		4317C4C5238524F10028D028 /* User.swift in Sources */ = {isa = PBXBuildFile; fileRef = 4317C4C4238524F10028D028 /* User.swift */; };
		4317C4C7238525690028D028 /* RedditUser.swift in Sources */ = {isa = PBXBuildFile; fileRef = 4317C4C6238525690028D028 /* RedditUser.swift */; };
		4317C4C9238528B20028D028 /* UserStore.swift in Sources */ = {isa = PBXBuildFile; fileRef = 4317C4C8238528B20028D028 /* UserStore.swift */; };
		4317C4CB238544800028D028 /* ImageStore.swift in Sources */ = {isa = PBXBuildFile; fileRef = 4317C4CA238544800028D028 /* ImageStore.swift */; };
		4317C4CD2385461A0028D028 /* RemoteImage.swift in Sources */ = {isa = PBXBuildFile; fileRef = 4317C4CC2385461A0028D028 /* RemoteImage.swift */; };
		4317C4CF238554CC0028D028 /* IfLet.swift in Sources */ = {isa = PBXBuildFile; fileRef = 4317C4CE238554CC0028D028 /* IfLet.swift */; };
		4317C4D123856BFF0028D028 /* ProfileImageView.swift in Sources */ = {isa = PBXBuildFile; fileRef = 4317C4D023856BFF0028D028 /* ProfileImageView.swift */; };
		4317C4D323856ED40028D028 /* ArticleViewHeader.swift in Sources */ = {isa = PBXBuildFile; fileRef = 4317C4D223856ED40028D028 /* ArticleViewHeader.swift */; };
		4317F4B4238738D2003EE77D /* RedditObjectDecoder.swift in Sources */ = {isa = PBXBuildFile; fileRef = 4317F4B3238738D2003EE77D /* RedditObjectDecoder.swift */; };
		4352EDAE23891F57004824E8 /* ArticleViewBody.swift in Sources */ = {isa = PBXBuildFile; fileRef = 4352EDAD23891F57004824E8 /* ArticleViewBody.swift */; };
		4352EDB023892383004824E8 /* Fixtures.swift in Sources */ = {isa = PBXBuildFile; fileRef = 4352EDAF23892383004824E8 /* Fixtures.swift */; };
		4352EDB323892D8C004824E8 /* String+UrlFix.swift in Sources */ = {isa = PBXBuildFile; fileRef = 4352EDB223892D8C004824E8 /* String+UrlFix.swift */; };
		4352EDB7238940E6004824E8 /* String+Url.swift in Sources */ = {isa = PBXBuildFile; fileRef = 4352EDB6238940E6004824E8 /* String+Url.swift */; };
		4352EDB9238981DC004824E8 /* ArticleViewFooter.swift in Sources */ = {isa = PBXBuildFile; fileRef = 4352EDB8238981DC004824E8 /* ArticleViewFooter.swift */; };
		4352EDBE238AA113004824E8 /* ButtonStyles.swift in Sources */ = {isa = PBXBuildFile; fileRef = 4352EDBD238AA113004824E8 /* ButtonStyles.swift */; };
		4352EDC2238AA2BC004824E8 /* TextStyles.swift in Sources */ = {isa = PBXBuildFile; fileRef = 4352EDC1238AA2BC004824E8 /* TextStyles.swift */; };
		4352EDC6238AA3EC004824E8 /* IBMPlexSans-Bold.ttf in Resources */ = {isa = PBXBuildFile; fileRef = 4352EDC4238AA3EC004824E8 /* IBMPlexSans-Bold.ttf */; };
		4352EDC7238AA3EC004824E8 /* IBMPlexSans-Medium.ttf in Resources */ = {isa = PBXBuildFile; fileRef = 4352EDC5238AA3EC004824E8 /* IBMPlexSans-Medium.ttf */; };
		4352EDC9238AA4BB004824E8 /* Fonts.swift in Sources */ = {isa = PBXBuildFile; fileRef = 4352EDC8238AA4BB004824E8 /* Fonts.swift */; };
		4352EDCB238AA6F6004824E8 /* Colors.swift in Sources */ = {isa = PBXBuildFile; fileRef = 4352EDCA238AA6F6004824E8 /* Colors.swift */; };
		4352EDCD238ACB82004824E8 /* ArticleVoteView.swift in Sources */ = {isa = PBXBuildFile; fileRef = 4352EDCC238ACB82004824E8 /* ArticleVoteView.swift */; };
		4352EDD1238B1665004824E8 /* TipCreatorView.swift in Sources */ = {isa = PBXBuildFile; fileRef = 4352EDD0238B1665004824E8 /* TipCreatorView.swift */; };
		4352EDD3238B1692004824E8 /* CommentButton.swift in Sources */ = {isa = PBXBuildFile; fileRef = 4352EDD2238B1692004824E8 /* CommentButton.swift */; };
		4352EDD5238B169E004824E8 /* TipButton.swift in Sources */ = {isa = PBXBuildFile; fileRef = 4352EDD4238B169D004824E8 /* TipButton.swift */; };
		4352EDD7238B223F004824E8 /* DynamicSheet.swift in Sources */ = {isa = PBXBuildFile; fileRef = 4352EDD6238B223F004824E8 /* DynamicSheet.swift */; };
		4352EDD9238BF42D004824E8 /* DynamicOverlayContext.swift in Sources */ = {isa = PBXBuildFile; fileRef = 4352EDD8238BF42D004824E8 /* DynamicOverlayContext.swift */; };
		4352EDDC238C275C004824E8 /* TipCreatorViewHeader.swift in Sources */ = {isa = PBXBuildFile; fileRef = 4352EDDB238C275C004824E8 /* TipCreatorViewHeader.swift */; };
		4352EDDE238C276E004824E8 /* TipCreatorViewBody.swift in Sources */ = {isa = PBXBuildFile; fileRef = 4352EDDD238C276E004824E8 /* TipCreatorViewBody.swift */; };
		4352EDE0238C277A004824E8 /* TipCreatorViewFooter.swift in Sources */ = {isa = PBXBuildFile; fileRef = 4352EDDF238C277A004824E8 /* TipCreatorViewFooter.swift */; };
		43A9E34E237FE63400C719B8 /* AppDelegate.swift in Sources */ = {isa = PBXBuildFile; fileRef = 43A9E34D237FE63400C719B8 /* AppDelegate.swift */; };
		43A9E350237FE63400C719B8 /* SceneDelegate.swift in Sources */ = {isa = PBXBuildFile; fileRef = 43A9E34F237FE63400C719B8 /* SceneDelegate.swift */; };
		43A9E354237FE63600C719B8 /* Assets.xcassets in Resources */ = {isa = PBXBuildFile; fileRef = 43A9E353237FE63600C719B8 /* Assets.xcassets */; };
		43A9E357237FE63600C719B8 /* Preview Assets.xcassets in Resources */ = {isa = PBXBuildFile; fileRef = 43A9E356237FE63600C719B8 /* Preview Assets.xcassets */; };
		43A9E35A237FE63600C719B8 /* LaunchScreen.storyboard in Resources */ = {isa = PBXBuildFile; fileRef = 43A9E358237FE63600C719B8 /* LaunchScreen.storyboard */; };
		43A9E365237FE63600C719B8 /* RedditSwiftUITests.swift in Sources */ = {isa = PBXBuildFile; fileRef = 43A9E364237FE63600C719B8 /* RedditSwiftUITests.swift */; };
		43A9E370237FE63700C719B8 /* RedditSwiftUIUITests.swift in Sources */ = {isa = PBXBuildFile; fileRef = 43A9E36F237FE63700C719B8 /* RedditSwiftUIUITests.swift */; };
		43A9E37F237FE9E300C719B8 /* RootView.swift in Sources */ = {isa = PBXBuildFile; fileRef = 43A9E37E237FE9E300C719B8 /* RootView.swift */; };
		43A9E381237FF44A00C719B8 /* ArticleView.swift in Sources */ = {isa = PBXBuildFile; fileRef = 43A9E380237FF44A00C719B8 /* ArticleView.swift */; };
		43A9E385237FF50500C719B8 /* Article.swift in Sources */ = {isa = PBXBuildFile; fileRef = 43A9E384237FF50500C719B8 /* Article.swift */; };
		43A9E387237FF52000C719B8 /* ArticleStore.swift in Sources */ = {isa = PBXBuildFile; fileRef = 43A9E386237FF52000C719B8 /* ArticleStore.swift */; };
		43A9E389237FF57200C719B8 /* ArticleListView.swift in Sources */ = {isa = PBXBuildFile; fileRef = 43A9E388237FF57200C719B8 /* ArticleListView.swift */; };
		43D9E0E123817F7300322547 /* RedditApiClient.swift in Sources */ = {isa = PBXBuildFile; fileRef = 43D9E0E023817F7300322547 /* RedditApiClient.swift */; };
		43D9E0E52381AC9F00322547 /* RedditObject.swift in Sources */ = {isa = PBXBuildFile; fileRef = 43D9E0E42381AC9F00322547 /* RedditObject.swift */; };
		43D9E0E72381E3EE00322547 /* RedditResponse.swift in Sources */ = {isa = PBXBuildFile; fileRef = 43D9E0E62381E3EE00322547 /* RedditResponse.swift */; };
		43D9E0EB2381F3F000322547 /* RedditCollection.swift in Sources */ = {isa = PBXBuildFile; fileRef = 43D9E0EA2381F3F000322547 /* RedditCollection.swift */; };
		43D9E0ED238200F100322547 /* RedditArticle.swift in Sources */ = {isa = PBXBuildFile; fileRef = 43D9E0EC238200F100322547 /* RedditArticle.swift */; };
		43D9E0F023832BC600322547 /* ActivityIndicator.swift in Sources */ = {isa = PBXBuildFile; fileRef = 43D9E0EF23832BC600322547 /* ActivityIndicator.swift */; };
		43D9E0F223832C0600322547 /* LoadingView.swift in Sources */ = {isa = PBXBuildFile; fileRef = 43D9E0F123832C0600322547 /* LoadingView.swift */; };
		43F0B7A5238C428200E375AD /* TipCreatorStepper.swift in Sources */ = {isa = PBXBuildFile; fileRef = 43F0B7A4238C428200E375AD /* TipCreatorStepper.swift */; };
		43F0B7A7238C4EE500E375AD /* CollapsedCreditCardsView.swift in Sources */ = {isa = PBXBuildFile; fileRef = 43F0B7A6238C4EE500E375AD /* CollapsedCreditCardsView.swift */; };
		43F0B7A9238C4EF600E375AD /* ExpandedCreditCardsView.swift in Sources */ = {isa = PBXBuildFile; fileRef = 43F0B7A8238C4EF600E375AD /* ExpandedCreditCardsView.swift */; };
		43F0B7AB238C51E300E375AD /* SettingsStore.swift in Sources */ = {isa = PBXBuildFile; fileRef = 43F0B7AA238C51E300E375AD /* SettingsStore.swift */; };
		43F0B7AD238C522200E375AD /* CreditCard.swift in Sources */ = {isa = PBXBuildFile; fileRef = 43F0B7AC238C522200E375AD /* CreditCard.swift */; };
		43F0B7AF238C53A700E375AD /* CreditCardRow.swift in Sources */ = {isa = PBXBuildFile; fileRef = 43F0B7AE238C53A700E375AD /* CreditCardRow.swift */; };
		43F0B7B1238C637900E375AD /* CoinAnimationView.swift in Sources */ = {isa = PBXBuildFile; fileRef = 43F0B7B0238C637900E375AD /* CoinAnimationView.swift */; };
		43F0B7B3238C6DC700E375AD /* FlipEffect.swift in Sources */ = {isa = PBXBuildFile; fileRef = 43F0B7B2238C6DC700E375AD /* FlipEffect.swift */; };
		43F0B7B5238C782000E375AD /* IBMPlexSans-SemiBold.ttf in Resources */ = {isa = PBXBuildFile; fileRef = 43F0B7B4238C782000E375AD /* IBMPlexSans-SemiBold.ttf */; };
		43F0B7B7238C7BAC00E375AD /* TipReactionView.swift in Sources */ = {isa = PBXBuildFile; fileRef = 43F0B7B6238C7BAC00E375AD /* TipReactionView.swift */; };
		43F0B7BB238C871000E375AD /* iTunesArtwork@1x.png in Resources */ = {isa = PBXBuildFile; fileRef = 43F0B7B8238C870F00E375AD /* iTunesArtwork@1x.png */; };
		43F0B7BC238C871000E375AD /* iTunesArtwork@3x.png in Resources */ = {isa = PBXBuildFile; fileRef = 43F0B7B9238C871000E375AD /* iTunesArtwork@3x.png */; };
		43F0B7BD238C871000E375AD /* iTunesArtwork@2x.png in Resources */ = {isa = PBXBuildFile; fileRef = 43F0B7BA238C871000E375AD /* iTunesArtwork@2x.png */; };
/* End PBXBuildFile section */

/* Begin PBXContainerItemProxy section */
		43A9E361237FE63600C719B8 /* PBXContainerItemProxy */ = {
			isa = PBXContainerItemProxy;
			containerPortal = 43A9E342237FE63400C719B8 /* Project object */;
			proxyType = 1;
			remoteGlobalIDString = 43A9E349237FE63400C719B8;
			remoteInfo = RedditSwiftUI;
		};
		43A9E36C237FE63700C719B8 /* PBXContainerItemProxy */ = {
			isa = PBXContainerItemProxy;
			containerPortal = 43A9E342237FE63400C719B8 /* Project object */;
			proxyType = 1;
			remoteGlobalIDString = 43A9E349237FE63400C719B8;
			remoteInfo = RedditSwiftUI;
		};
/* End PBXContainerItemProxy section */

/* Begin PBXFileReference section */
		4317C4C4238524F10028D028 /* User.swift */ = {isa = PBXFileReference; lastKnownFileType = sourcecode.swift; path = User.swift; sourceTree = "<group>"; };
		4317C4C6238525690028D028 /* RedditUser.swift */ = {isa = PBXFileReference; lastKnownFileType = sourcecode.swift; path = RedditUser.swift; sourceTree = "<group>"; };
		4317C4C8238528B20028D028 /* UserStore.swift */ = {isa = PBXFileReference; lastKnownFileType = sourcecode.swift; path = UserStore.swift; sourceTree = "<group>"; };
		4317C4CA238544800028D028 /* ImageStore.swift */ = {isa = PBXFileReference; lastKnownFileType = sourcecode.swift; path = ImageStore.swift; sourceTree = "<group>"; };
		4317C4CC2385461A0028D028 /* RemoteImage.swift */ = {isa = PBXFileReference; lastKnownFileType = sourcecode.swift; path = RemoteImage.swift; sourceTree = "<group>"; };
		4317C4CE238554CC0028D028 /* IfLet.swift */ = {isa = PBXFileReference; lastKnownFileType = sourcecode.swift; path = IfLet.swift; sourceTree = "<group>"; };
		4317C4D023856BFF0028D028 /* ProfileImageView.swift */ = {isa = PBXFileReference; lastKnownFileType = sourcecode.swift; path = ProfileImageView.swift; sourceTree = "<group>"; };
		4317C4D223856ED40028D028 /* ArticleViewHeader.swift */ = {isa = PBXFileReference; lastKnownFileType = sourcecode.swift; path = ArticleViewHeader.swift; sourceTree = "<group>"; };
		4317F4B3238738D2003EE77D /* RedditObjectDecoder.swift */ = {isa = PBXFileReference; lastKnownFileType = sourcecode.swift; path = RedditObjectDecoder.swift; sourceTree = "<group>"; };
		4352EDAD23891F57004824E8 /* ArticleViewBody.swift */ = {isa = PBXFileReference; lastKnownFileType = sourcecode.swift; path = ArticleViewBody.swift; sourceTree = "<group>"; };
		4352EDAF23892383004824E8 /* Fixtures.swift */ = {isa = PBXFileReference; lastKnownFileType = sourcecode.swift; path = Fixtures.swift; sourceTree = "<group>"; };
		4352EDB223892D8C004824E8 /* String+UrlFix.swift */ = {isa = PBXFileReference; lastKnownFileType = sourcecode.swift; path = "String+UrlFix.swift"; sourceTree = "<group>"; };
		4352EDB6238940E6004824E8 /* String+Url.swift */ = {isa = PBXFileReference; lastKnownFileType = sourcecode.swift; path = "String+Url.swift"; sourceTree = "<group>"; };
		4352EDB8238981DC004824E8 /* ArticleViewFooter.swift */ = {isa = PBXFileReference; lastKnownFileType = sourcecode.swift; path = ArticleViewFooter.swift; sourceTree = "<group>"; };
		4352EDBD238AA113004824E8 /* ButtonStyles.swift */ = {isa = PBXFileReference; lastKnownFileType = sourcecode.swift; path = ButtonStyles.swift; sourceTree = "<group>"; };
		4352EDC1238AA2BC004824E8 /* TextStyles.swift */ = {isa = PBXFileReference; lastKnownFileType = sourcecode.swift; path = TextStyles.swift; sourceTree = "<group>"; };
		4352EDC4238AA3EC004824E8 /* IBMPlexSans-Bold.ttf */ = {isa = PBXFileReference; lastKnownFileType = file; path = "IBMPlexSans-Bold.ttf"; sourceTree = "<group>"; };
		4352EDC5238AA3EC004824E8 /* IBMPlexSans-Medium.ttf */ = {isa = PBXFileReference; lastKnownFileType = file; path = "IBMPlexSans-Medium.ttf"; sourceTree = "<group>"; };
		4352EDC8238AA4BB004824E8 /* Fonts.swift */ = {isa = PBXFileReference; lastKnownFileType = sourcecode.swift; path = Fonts.swift; sourceTree = "<group>"; };
		4352EDCA238AA6F6004824E8 /* Colors.swift */ = {isa = PBXFileReference; lastKnownFileType = sourcecode.swift; path = Colors.swift; sourceTree = "<group>"; };
		4352EDCC238ACB82004824E8 /* ArticleVoteView.swift */ = {isa = PBXFileReference; lastKnownFileType = sourcecode.swift; path = ArticleVoteView.swift; sourceTree = "<group>"; };
		4352EDD0238B1665004824E8 /* TipCreatorView.swift */ = {isa = PBXFileReference; lastKnownFileType = sourcecode.swift; path = TipCreatorView.swift; sourceTree = "<group>"; };
		4352EDD2238B1692004824E8 /* CommentButton.swift */ = {isa = PBXFileReference; lastKnownFileType = sourcecode.swift; path = CommentButton.swift; sourceTree = "<group>"; };
		4352EDD4238B169D004824E8 /* TipButton.swift */ = {isa = PBXFileReference; lastKnownFileType = sourcecode.swift; path = TipButton.swift; sourceTree = "<group>"; };
		4352EDD6238B223F004824E8 /* DynamicSheet.swift */ = {isa = PBXFileReference; lastKnownFileType = sourcecode.swift; path = DynamicSheet.swift; sourceTree = "<group>"; };
		4352EDD8238BF42D004824E8 /* DynamicOverlayContext.swift */ = {isa = PBXFileReference; lastKnownFileType = sourcecode.swift; path = DynamicOverlayContext.swift; sourceTree = "<group>"; };
		4352EDDB238C275C004824E8 /* TipCreatorViewHeader.swift */ = {isa = PBXFileReference; lastKnownFileType = sourcecode.swift; path = TipCreatorViewHeader.swift; sourceTree = "<group>"; };
		4352EDDD238C276E004824E8 /* TipCreatorViewBody.swift */ = {isa = PBXFileReference; lastKnownFileType = sourcecode.swift; path = TipCreatorViewBody.swift; sourceTree = "<group>"; };
		4352EDDF238C277A004824E8 /* TipCreatorViewFooter.swift */ = {isa = PBXFileReference; lastKnownFileType = sourcecode.swift; path = TipCreatorViewFooter.swift; sourceTree = "<group>"; };
		43A9E34A237FE63400C719B8 /* Reddit Tip Creator.app */ = {isa = PBXFileReference; explicitFileType = wrapper.application; includeInIndex = 0; path = "Reddit Tip Creator.app"; sourceTree = BUILT_PRODUCTS_DIR; };
		43A9E34D237FE63400C719B8 /* AppDelegate.swift */ = {isa = PBXFileReference; lastKnownFileType = sourcecode.swift; path = AppDelegate.swift; sourceTree = "<group>"; };
		43A9E34F237FE63400C719B8 /* SceneDelegate.swift */ = {isa = PBXFileReference; lastKnownFileType = sourcecode.swift; path = SceneDelegate.swift; sourceTree = "<group>"; };
		43A9E353237FE63600C719B8 /* Assets.xcassets */ = {isa = PBXFileReference; lastKnownFileType = folder.assetcatalog; path = Assets.xcassets; sourceTree = "<group>"; };
		43A9E356237FE63600C719B8 /* Preview Assets.xcassets */ = {isa = PBXFileReference; lastKnownFileType = folder.assetcatalog; path = "Preview Assets.xcassets"; sourceTree = "<group>"; };
		43A9E359237FE63600C719B8 /* Base */ = {isa = PBXFileReference; lastKnownFileType = file.storyboard; name = Base; path = Base.lproj/LaunchScreen.storyboard; sourceTree = "<group>"; };
		43A9E35B237FE63600C719B8 /* Info.plist */ = {isa = PBXFileReference; lastKnownFileType = text.plist.xml; path = Info.plist; sourceTree = "<group>"; };
		43A9E360237FE63600C719B8 /* RedditSwiftUITests.xctest */ = {isa = PBXFileReference; explicitFileType = wrapper.cfbundle; includeInIndex = 0; path = RedditSwiftUITests.xctest; sourceTree = BUILT_PRODUCTS_DIR; };
		43A9E364237FE63600C719B8 /* RedditSwiftUITests.swift */ = {isa = PBXFileReference; lastKnownFileType = sourcecode.swift; path = RedditSwiftUITests.swift; sourceTree = "<group>"; };
		43A9E366237FE63600C719B8 /* Info.plist */ = {isa = PBXFileReference; lastKnownFileType = text.plist.xml; path = Info.plist; sourceTree = "<group>"; };
		43A9E36B237FE63700C719B8 /* RedditSwiftUIUITests.xctest */ = {isa = PBXFileReference; explicitFileType = wrapper.cfbundle; includeInIndex = 0; path = RedditSwiftUIUITests.xctest; sourceTree = BUILT_PRODUCTS_DIR; };
		43A9E36F237FE63700C719B8 /* RedditSwiftUIUITests.swift */ = {isa = PBXFileReference; lastKnownFileType = sourcecode.swift; path = RedditSwiftUIUITests.swift; sourceTree = "<group>"; };
		43A9E371237FE63700C719B8 /* Info.plist */ = {isa = PBXFileReference; lastKnownFileType = text.plist.xml; path = Info.plist; sourceTree = "<group>"; };
		43A9E37E237FE9E300C719B8 /* RootView.swift */ = {isa = PBXFileReference; lastKnownFileType = sourcecode.swift; path = RootView.swift; sourceTree = "<group>"; };
		43A9E380237FF44A00C719B8 /* ArticleView.swift */ = {isa = PBXFileReference; lastKnownFileType = sourcecode.swift; path = ArticleView.swift; sourceTree = "<group>"; };
		43A9E384237FF50500C719B8 /* Article.swift */ = {isa = PBXFileReference; lastKnownFileType = sourcecode.swift; path = Article.swift; sourceTree = "<group>"; };
		43A9E386237FF52000C719B8 /* ArticleStore.swift */ = {isa = PBXFileReference; lastKnownFileType = sourcecode.swift; path = ArticleStore.swift; sourceTree = "<group>"; };
		43A9E388237FF57200C719B8 /* ArticleListView.swift */ = {isa = PBXFileReference; lastKnownFileType = sourcecode.swift; path = ArticleListView.swift; sourceTree = "<group>"; };
		43D9E0E023817F7300322547 /* RedditApiClient.swift */ = {isa = PBXFileReference; lastKnownFileType = sourcecode.swift; path = RedditApiClient.swift; sourceTree = "<group>"; };
		43D9E0E42381AC9F00322547 /* RedditObject.swift */ = {isa = PBXFileReference; lastKnownFileType = sourcecode.swift; path = RedditObject.swift; sourceTree = "<group>"; };
		43D9E0E62381E3EE00322547 /* RedditResponse.swift */ = {isa = PBXFileReference; lastKnownFileType = sourcecode.swift; path = RedditResponse.swift; sourceTree = "<group>"; };
		43D9E0EA2381F3F000322547 /* RedditCollection.swift */ = {isa = PBXFileReference; lastKnownFileType = sourcecode.swift; path = RedditCollection.swift; sourceTree = "<group>"; };
		43D9E0EC238200F100322547 /* RedditArticle.swift */ = {isa = PBXFileReference; lastKnownFileType = sourcecode.swift; path = RedditArticle.swift; sourceTree = "<group>"; };
		43D9E0EF23832BC600322547 /* ActivityIndicator.swift */ = {isa = PBXFileReference; lastKnownFileType = sourcecode.swift; path = ActivityIndicator.swift; sourceTree = "<group>"; };
		43D9E0F123832C0600322547 /* LoadingView.swift */ = {isa = PBXFileReference; lastKnownFileType = sourcecode.swift; path = LoadingView.swift; sourceTree = "<group>"; };
		43F0B7A4238C428200E375AD /* TipCreatorStepper.swift */ = {isa = PBXFileReference; lastKnownFileType = sourcecode.swift; path = TipCreatorStepper.swift; sourceTree = "<group>"; };
		43F0B7A6238C4EE500E375AD /* CollapsedCreditCardsView.swift */ = {isa = PBXFileReference; lastKnownFileType = sourcecode.swift; path = CollapsedCreditCardsView.swift; sourceTree = "<group>"; };
		43F0B7A8238C4EF600E375AD /* ExpandedCreditCardsView.swift */ = {isa = PBXFileReference; lastKnownFileType = sourcecode.swift; path = ExpandedCreditCardsView.swift; sourceTree = "<group>"; };
		43F0B7AA238C51E300E375AD /* SettingsStore.swift */ = {isa = PBXFileReference; lastKnownFileType = sourcecode.swift; path = SettingsStore.swift; sourceTree = "<group>"; };
		43F0B7AC238C522200E375AD /* CreditCard.swift */ = {isa = PBXFileReference; lastKnownFileType = sourcecode.swift; path = CreditCard.swift; sourceTree = "<group>"; };
		43F0B7AE238C53A700E375AD /* CreditCardRow.swift */ = {isa = PBXFileReference; lastKnownFileType = sourcecode.swift; path = CreditCardRow.swift; sourceTree = "<group>"; };
		43F0B7B0238C637900E375AD /* CoinAnimationView.swift */ = {isa = PBXFileReference; lastKnownFileType = sourcecode.swift; path = CoinAnimationView.swift; sourceTree = "<group>"; };
		43F0B7B2238C6DC700E375AD /* FlipEffect.swift */ = {isa = PBXFileReference; lastKnownFileType = sourcecode.swift; path = FlipEffect.swift; sourceTree = "<group>"; };
		43F0B7B4238C782000E375AD /* IBMPlexSans-SemiBold.ttf */ = {isa = PBXFileReference; lastKnownFileType = file; path = "IBMPlexSans-SemiBold.ttf"; sourceTree = "<group>"; };
		43F0B7B6238C7BAC00E375AD /* TipReactionView.swift */ = {isa = PBXFileReference; lastKnownFileType = sourcecode.swift; path = TipReactionView.swift; sourceTree = "<group>"; };
		43F0B7B8238C870F00E375AD /* iTunesArtwork@1x.png */ = {isa = PBXFileReference; lastKnownFileType = image.png; path = "iTunesArtwork@1x.png"; sourceTree = "<group>"; };
		43F0B7B9238C871000E375AD /* iTunesArtwork@3x.png */ = {isa = PBXFileReference; lastKnownFileType = image.png; path = "iTunesArtwork@3x.png"; sourceTree = "<group>"; };
		43F0B7BA238C871000E375AD /* iTunesArtwork@2x.png */ = {isa = PBXFileReference; lastKnownFileType = image.png; path = "iTunesArtwork@2x.png"; sourceTree = "<group>"; };
/* End PBXFileReference section */

/* Begin PBXFrameworksBuildPhase section */
		43A9E347237FE63400C719B8 /* Frameworks */ = {
			isa = PBXFrameworksBuildPhase;
			buildActionMask = 2147483647;
			files = (
			);
			runOnlyForDeploymentPostprocessing = 0;
		};
		43A9E35D237FE63600C719B8 /* Frameworks */ = {
			isa = PBXFrameworksBuildPhase;
			buildActionMask = 2147483647;
			files = (
			);
			runOnlyForDeploymentPostprocessing = 0;
		};
		43A9E368237FE63700C719B8 /* Frameworks */ = {
			isa = PBXFrameworksBuildPhase;
			buildActionMask = 2147483647;
			files = (
			);
			runOnlyForDeploymentPostprocessing = 0;
		};
/* End PBXFrameworksBuildPhase section */

/* Begin PBXGroup section */
		4352EDB123892D6B004824E8 /* Util */ = {
			isa = PBXGroup;
			children = (
				4352EDB223892D8C004824E8 /* String+UrlFix.swift */,
				4352EDB6238940E6004824E8 /* String+Url.swift */,
			);
			path = Util;
			sourceTree = "<group>";
		};
		4352EDBC238AA106004824E8 /* Style */ = {
			isa = PBXGroup;
			children = (
				4352EDC8238AA4BB004824E8 /* Fonts.swift */,
				4352EDCA238AA6F6004824E8 /* Colors.swift */,
				4352EDC1238AA2BC004824E8 /* TextStyles.swift */,
				4352EDBD238AA113004824E8 /* ButtonStyles.swift */,
			);
			path = Style;
			sourceTree = "<group>";
		};
		4352EDC3238AA379004824E8 /* Fonts */ = {
			isa = PBXGroup;
			children = (
				4352EDC4238AA3EC004824E8 /* IBMPlexSans-Bold.ttf */,
				4352EDC5238AA3EC004824E8 /* IBMPlexSans-Medium.ttf */,
				43F0B7B4238C782000E375AD /* IBMPlexSans-SemiBold.ttf */,
			);
			path = Fonts;
			sourceTree = "<group>";
		};
		4352EDDA238C2734004824E8 /* TipCreatorView */ = {
			isa = PBXGroup;
			children = (
				4352EDD0238B1665004824E8 /* TipCreatorView.swift */,
				4352EDDB238C275C004824E8 /* TipCreatorViewHeader.swift */,
				4352EDDD238C276E004824E8 /* TipCreatorViewBody.swift */,
				43F0B7A4238C428200E375AD /* TipCreatorStepper.swift */,
				43F0B7A6238C4EE500E375AD /* CollapsedCreditCardsView.swift */,
				43F0B7A8238C4EF600E375AD /* ExpandedCreditCardsView.swift */,
				43F0B7AE238C53A700E375AD /* CreditCardRow.swift */,
				4352EDDF238C277A004824E8 /* TipCreatorViewFooter.swift */,
				43F0B7B0238C637900E375AD /* CoinAnimationView.swift */,
				43F0B7B2238C6DC700E375AD /* FlipEffect.swift */,
			);
			path = TipCreatorView;
			sourceTree = "<group>";
		};
		4352EDE1238C35BC004824E8 /* ArticleView */ = {
			isa = PBXGroup;
			children = (
				43A9E380237FF44A00C719B8 /* ArticleView.swift */,
				4317C4D223856ED40028D028 /* ArticleViewHeader.swift */,
				4352EDAD23891F57004824E8 /* ArticleViewBody.swift */,
				4352EDB8238981DC004824E8 /* ArticleViewFooter.swift */,
				4352EDCC238ACB82004824E8 /* ArticleVoteView.swift */,
				4352EDD2238B1692004824E8 /* CommentButton.swift */,
				4352EDD4238B169D004824E8 /* TipButton.swift */,
				43F0B7B6238C7BAC00E375AD /* TipReactionView.swift */,
			);
			path = ArticleView;
			sourceTree = "<group>";
		};
		43A9E341237FE63400C719B8 = {
			isa = PBXGroup;
			children = (
				43A9E34C237FE63400C719B8 /* RedditSwiftUI */,
				43A9E363237FE63600C719B8 /* RedditSwiftUITests */,
				43A9E36E237FE63700C719B8 /* RedditSwiftUIUITests */,
				43A9E34B237FE63400C719B8 /* Products */,
			);
			sourceTree = "<group>";
		};
		43A9E34B237FE63400C719B8 /* Products */ = {
			isa = PBXGroup;
			children = (
				43A9E34A237FE63400C719B8 /* Reddit Tip Creator.app */,
				43A9E360237FE63600C719B8 /* RedditSwiftUITests.xctest */,
				43A9E36B237FE63700C719B8 /* RedditSwiftUIUITests.xctest */,
			);
			name = Products;
			sourceTree = "<group>";
		};
		43A9E34C237FE63400C719B8 /* RedditSwiftUI */ = {
			isa = PBXGroup;
			children = (
				4352EDBC238AA106004824E8 /* Style */,
				4352EDB123892D6B004824E8 /* Util */,
				43D9E0EE23832BA900322547 /* CustomView */,
				43D9E0DF23817F4200322547 /* RedditConnector */,
				43A9E383237FF4F600C719B8 /* Model */,
				43A9E382237FF4E700C719B8 /* Store */,
				43A9E37D237FE9D300C719B8 /* View */,
				43A9E34D237FE63400C719B8 /* AppDelegate.swift */,
				43A9E34F237FE63400C719B8 /* SceneDelegate.swift */,
				4352EDAF23892383004824E8 /* Fixtures.swift */,
				43A9E353237FE63600C719B8 /* Assets.xcassets */,
				4352EDC3238AA379004824E8 /* Fonts */,
				43A9E358237FE63600C719B8 /* LaunchScreen.storyboard */,
				43A9E35B237FE63600C719B8 /* Info.plist */,
				43F0B7B8238C870F00E375AD /* iTunesArtwork@1x.png */,
				43F0B7BA238C871000E375AD /* iTunesArtwork@2x.png */,
				43F0B7B9238C871000E375AD /* iTunesArtwork@3x.png */,
				43A9E355237FE63600C719B8 /* Preview Content */,
			);
			path = RedditSwiftUI;
			sourceTree = "<group>";
		};
		43A9E355237FE63600C719B8 /* Preview Content */ = {
			isa = PBXGroup;
			children = (
				43A9E356237FE63600C719B8 /* Preview Assets.xcassets */,
			);
			path = "Preview Content";
			sourceTree = "<group>";
		};
		43A9E363237FE63600C719B8 /* RedditSwiftUITests */ = {
			isa = PBXGroup;
			children = (
				43A9E364237FE63600C719B8 /* RedditSwiftUITests.swift */,
				43A9E366237FE63600C719B8 /* Info.plist */,
			);
			path = RedditSwiftUITests;
			sourceTree = "<group>";
		};
		43A9E36E237FE63700C719B8 /* RedditSwiftUIUITests */ = {
			isa = PBXGroup;
			children = (
				43A9E36F237FE63700C719B8 /* RedditSwiftUIUITests.swift */,
				43A9E371237FE63700C719B8 /* Info.plist */,
			);
			path = RedditSwiftUIUITests;
			sourceTree = "<group>";
		};
		43A9E37D237FE9D300C719B8 /* View */ = {
			isa = PBXGroup;
			children = (
				43A9E37E237FE9E300C719B8 /* RootView.swift */,
				43A9E388237FF57200C719B8 /* ArticleListView.swift */,
				4352EDE1238C35BC004824E8 /* ArticleView */,
				4352EDDA238C2734004824E8 /* TipCreatorView */,
			);
			path = View;
			sourceTree = "<group>";
		};
		43A9E382237FF4E700C719B8 /* Store */ = {
			isa = PBXGroup;
			children = (
				43A9E386237FF52000C719B8 /* ArticleStore.swift */,
				4317C4C8238528B20028D028 /* UserStore.swift */,
				4317C4CA238544800028D028 /* ImageStore.swift */,
				43F0B7AA238C51E300E375AD /* SettingsStore.swift */,
			);
			path = Store;
			sourceTree = "<group>";
		};
		43A9E383237FF4F600C719B8 /* Model */ = {
			isa = PBXGroup;
			children = (
				43A9E384237FF50500C719B8 /* Article.swift */,
				4317C4C4238524F10028D028 /* User.swift */,
				43F0B7AC238C522200E375AD /* CreditCard.swift */,
			);
			path = Model;
			sourceTree = "<group>";
		};
		43D9E0DF23817F4200322547 /* RedditConnector */ = {
			isa = PBXGroup;
			children = (
				43D9E0E32381AC6900322547 /* Model */,
				43D9E0E023817F7300322547 /* RedditApiClient.swift */,
			);
			path = RedditConnector;
			sourceTree = "<group>";
		};
		43D9E0E32381AC6900322547 /* Model */ = {
			isa = PBXGroup;
			children = (
				4317F4B3238738D2003EE77D /* RedditObjectDecoder.swift */,
				43D9E0E62381E3EE00322547 /* RedditResponse.swift */,
				43D9E0E42381AC9F00322547 /* RedditObject.swift */,
				43D9E0EA2381F3F000322547 /* RedditCollection.swift */,
				43D9E0EC238200F100322547 /* RedditArticle.swift */,
				4317C4C6238525690028D028 /* RedditUser.swift */,
			);
			path = Model;
			sourceTree = "<group>";
		};
		43D9E0EE23832BA900322547 /* CustomView */ = {
			isa = PBXGroup;
			children = (
				43D9E0EF23832BC600322547 /* ActivityIndicator.swift */,
				4317C4CE238554CC0028D028 /* IfLet.swift */,
				4317C4CC2385461A0028D028 /* RemoteImage.swift */,
				43D9E0F123832C0600322547 /* LoadingView.swift */,
				4317C4D023856BFF0028D028 /* ProfileImageView.swift */,
				4352EDD8238BF42D004824E8 /* DynamicOverlayContext.swift */,
				4352EDD6238B223F004824E8 /* DynamicSheet.swift */,
			);
			path = CustomView;
			sourceTree = "<group>";
		};
/* End PBXGroup section */

/* Begin PBXNativeTarget section */
		43A9E349237FE63400C719B8 /* RedditSwiftUI */ = {
			isa = PBXNativeTarget;
			buildConfigurationList = 43A9E374237FE63700C719B8 /* Build configuration list for PBXNativeTarget "RedditSwiftUI" */;
			buildPhases = (
				43A9E346237FE63400C719B8 /* Sources */,
				43A9E347237FE63400C719B8 /* Frameworks */,
				43A9E348237FE63400C719B8 /* Resources */,
			);
			buildRules = (
			);
			dependencies = (
			);
			name = RedditSwiftUI;
			productName = RedditSwiftUI;
			productReference = 43A9E34A237FE63400C719B8 /* Reddit Tip Creator.app */;
			productType = "com.apple.product-type.application";
		};
		43A9E35F237FE63600C719B8 /* RedditSwiftUITests */ = {
			isa = PBXNativeTarget;
			buildConfigurationList = 43A9E377237FE63700C719B8 /* Build configuration list for PBXNativeTarget "RedditSwiftUITests" */;
			buildPhases = (
				43A9E35C237FE63600C719B8 /* Sources */,
				43A9E35D237FE63600C719B8 /* Frameworks */,
				43A9E35E237FE63600C719B8 /* Resources */,
			);
			buildRules = (
			);
			dependencies = (
				43A9E362237FE63600C719B8 /* PBXTargetDependency */,
			);
			name = RedditSwiftUITests;
			productName = RedditSwiftUITests;
			productReference = 43A9E360237FE63600C719B8 /* RedditSwiftUITests.xctest */;
			productType = "com.apple.product-type.bundle.unit-test";
		};
		43A9E36A237FE63700C719B8 /* RedditSwiftUIUITests */ = {
			isa = PBXNativeTarget;
			buildConfigurationList = 43A9E37A237FE63700C719B8 /* Build configuration list for PBXNativeTarget "RedditSwiftUIUITests" */;
			buildPhases = (
				43A9E367237FE63700C719B8 /* Sources */,
				43A9E368237FE63700C719B8 /* Frameworks */,
				43A9E369237FE63700C719B8 /* Resources */,
			);
			buildRules = (
			);
			dependencies = (
				43A9E36D237FE63700C719B8 /* PBXTargetDependency */,
			);
			name = RedditSwiftUIUITests;
			productName = RedditSwiftUIUITests;
			productReference = 43A9E36B237FE63700C719B8 /* RedditSwiftUIUITests.xctest */;
			productType = "com.apple.product-type.bundle.ui-testing";
		};
/* End PBXNativeTarget section */

/* Begin PBXProject section */
		43A9E342237FE63400C719B8 /* Project object */ = {
			isa = PBXProject;
			attributes = {
				LastSwiftUpdateCheck = 1120;
				LastUpgradeCheck = 1120;
				ORGANIZATIONNAME = "Mikayel Aghasyan";
				TargetAttributes = {
					43A9E349237FE63400C719B8 = {
						CreatedOnToolsVersion = 11.2.1;
					};
					43A9E35F237FE63600C719B8 = {
						CreatedOnToolsVersion = 11.2.1;
						TestTargetID = 43A9E349237FE63400C719B8;
					};
					43A9E36A237FE63700C719B8 = {
						CreatedOnToolsVersion = 11.2.1;
						TestTargetID = 43A9E349237FE63400C719B8;
					};
				};
			};
			buildConfigurationList = 43A9E345237FE63400C719B8 /* Build configuration list for PBXProject "RedditSwiftUI" */;
			compatibilityVersion = "Xcode 9.3";
			developmentRegion = en;
			hasScannedForEncodings = 0;
			knownRegions = (
				en,
				Base,
			);
			mainGroup = 43A9E341237FE63400C719B8;
			productRefGroup = 43A9E34B237FE63400C719B8 /* Products */;
			projectDirPath = "";
			projectRoot = "";
			targets = (
				43A9E349237FE63400C719B8 /* RedditSwiftUI */,
				43A9E35F237FE63600C719B8 /* RedditSwiftUITests */,
				43A9E36A237FE63700C719B8 /* RedditSwiftUIUITests */,
			);
		};
/* End PBXProject section */

/* Begin PBXResourcesBuildPhase section */
		43A9E348237FE63400C719B8 /* Resources */ = {
			isa = PBXResourcesBuildPhase;
			buildActionMask = 2147483647;
			files = (
				4352EDC6238AA3EC004824E8 /* IBMPlexSans-Bold.ttf in Resources */,
				43A9E35A237FE63600C719B8 /* LaunchScreen.storyboard in Resources */,
				43A9E357237FE63600C719B8 /* Preview Assets.xcassets in Resources */,
				43F0B7BB238C871000E375AD /* iTunesArtwork@1x.png in Resources */,
				43F0B7BD238C871000E375AD /* iTunesArtwork@2x.png in Resources */,
				43F0B7BC238C871000E375AD /* iTunesArtwork@3x.png in Resources */,
				43A9E354237FE63600C719B8 /* Assets.xcassets in Resources */,
				43F0B7B5238C782000E375AD /* IBMPlexSans-SemiBold.ttf in Resources */,
				4352EDC7238AA3EC004824E8 /* IBMPlexSans-Medium.ttf in Resources */,
			);
			runOnlyForDeploymentPostprocessing = 0;
		};
		43A9E35E237FE63600C719B8 /* Resources */ = {
			isa = PBXResourcesBuildPhase;
			buildActionMask = 2147483647;
			files = (
			);
			runOnlyForDeploymentPostprocessing = 0;
		};
		43A9E369237FE63700C719B8 /* Resources */ = {
			isa = PBXResourcesBuildPhase;
			buildActionMask = 2147483647;
			files = (
			);
			runOnlyForDeploymentPostprocessing = 0;
		};
/* End PBXResourcesBuildPhase section */

/* Begin PBXSourcesBuildPhase section */
		43A9E346237FE63400C719B8 /* Sources */ = {
			isa = PBXSourcesBuildPhase;
			buildActionMask = 2147483647;
			files = (
				4352EDB9238981DC004824E8 /* ArticleViewFooter.swift in Sources */,
				4352EDCD238ACB82004824E8 /* ArticleVoteView.swift in Sources */,
				4352EDB7238940E6004824E8 /* String+Url.swift in Sources */,
				43A9E37F237FE9E300C719B8 /* RootView.swift in Sources */,
				4352EDCB238AA6F6004824E8 /* Colors.swift in Sources */,
				43D9E0E123817F7300322547 /* RedditApiClient.swift in Sources */,
				43F0B7B1238C637900E375AD /* CoinAnimationView.swift in Sources */,
				43D9E0EB2381F3F000322547 /* RedditCollection.swift in Sources */,
				4352EDB023892383004824E8 /* Fixtures.swift in Sources */,
				43F0B7B7238C7BAC00E375AD /* TipReactionView.swift in Sources */,
				43D9E0E72381E3EE00322547 /* RedditResponse.swift in Sources */,
				43D9E0F023832BC600322547 /* ActivityIndicator.swift in Sources */,
				4352EDDC238C275C004824E8 /* TipCreatorViewHeader.swift in Sources */,
				4317C4CD2385461A0028D028 /* RemoteImage.swift in Sources */,
				4317C4CF238554CC0028D028 /* IfLet.swift in Sources */,
				43F0B7AB238C51E300E375AD /* SettingsStore.swift in Sources */,
				4317C4CB238544800028D028 /* ImageStore.swift in Sources */,
				43D9E0F223832C0600322547 /* LoadingView.swift in Sources */,
				4317C4C7238525690028D028 /* RedditUser.swift in Sources */,
				43A9E389237FF57200C719B8 /* ArticleListView.swift in Sources */,
				4352EDDE238C276E004824E8 /* TipCreatorViewBody.swift in Sources */,
				43F0B7AF238C53A700E375AD /* CreditCardRow.swift in Sources */,
				43F0B7A7238C4EE500E375AD /* CollapsedCreditCardsView.swift in Sources */,
				4352EDB323892D8C004824E8 /* String+UrlFix.swift in Sources */,
				43A9E34E237FE63400C719B8 /* AppDelegate.swift in Sources */,
				4317C4C5238524F10028D028 /* User.swift in Sources */,
				4352EDAE23891F57004824E8 /* ArticleViewBody.swift in Sources */,
				4352EDBE238AA113004824E8 /* ButtonStyles.swift in Sources */,
				4352EDC9238AA4BB004824E8 /* Fonts.swift in Sources */,
				43D9E0E52381AC9F00322547 /* RedditObject.swift in Sources */,
				4352EDC2238AA2BC004824E8 /* TextStyles.swift in Sources */,
				4317C4D323856ED40028D028 /* ArticleViewHeader.swift in Sources */,
				43A9E350237FE63400C719B8 /* SceneDelegate.swift in Sources */,
				43F0B7AD238C522200E375AD /* CreditCard.swift in Sources */,
				4352EDD3238B1692004824E8 /* CommentButton.swift in Sources */,
				4317C4D123856BFF0028D028 /* ProfileImageView.swift in Sources */,
				4317F4B4238738D2003EE77D /* RedditObjectDecoder.swift in Sources */,
				4352EDE0238C277A004824E8 /* TipCreatorViewFooter.swift in Sources */,
				43A9E381237FF44A00C719B8 /* ArticleView.swift in Sources */,
				4317C4C9238528B20028D028 /* UserStore.swift in Sources */,
				43A9E387237FF52000C719B8 /* ArticleStore.swift in Sources */,
				4352EDD9238BF42D004824E8 /* DynamicOverlayContext.swift in Sources */,
				43F0B7A5238C428200E375AD /* TipCreatorStepper.swift in Sources */,
				4352EDD7238B223F004824E8 /* DynamicSheet.swift in Sources */,
				4352EDD1238B1665004824E8 /* TipCreatorView.swift in Sources */,
				43F0B7A9238C4EF600E375AD /* ExpandedCreditCardsView.swift in Sources */,
				43F0B7B3238C6DC700E375AD /* FlipEffect.swift in Sources */,
				43D9E0ED238200F100322547 /* RedditArticle.swift in Sources */,
				43A9E385237FF50500C719B8 /* Article.swift in Sources */,
				4352EDD5238B169E004824E8 /* TipButton.swift in Sources */,
			);
			runOnlyForDeploymentPostprocessing = 0;
		};
		43A9E35C237FE63600C719B8 /* Sources */ = {
			isa = PBXSourcesBuildPhase;
			buildActionMask = 2147483647;
			files = (
				43A9E365237FE63600C719B8 /* RedditSwiftUITests.swift in Sources */,
			);
			runOnlyForDeploymentPostprocessing = 0;
		};
		43A9E367237FE63700C719B8 /* Sources */ = {
			isa = PBXSourcesBuildPhase;
			buildActionMask = 2147483647;
			files = (
				43A9E370237FE63700C719B8 /* RedditSwiftUIUITests.swift in Sources */,
			);
			runOnlyForDeploymentPostprocessing = 0;
		};
/* End PBXSourcesBuildPhase section */

/* Begin PBXTargetDependency section */
		43A9E362237FE63600C719B8 /* PBXTargetDependency */ = {
			isa = PBXTargetDependency;
			target = 43A9E349237FE63400C719B8 /* RedditSwiftUI */;
			targetProxy = 43A9E361237FE63600C719B8 /* PBXContainerItemProxy */;
		};
		43A9E36D237FE63700C719B8 /* PBXTargetDependency */ = {
			isa = PBXTargetDependency;
			target = 43A9E349237FE63400C719B8 /* RedditSwiftUI */;
			targetProxy = 43A9E36C237FE63700C719B8 /* PBXContainerItemProxy */;
		};
/* End PBXTargetDependency section */

/* Begin PBXVariantGroup section */
		43A9E358237FE63600C719B8 /* LaunchScreen.storyboard */ = {
			isa = PBXVariantGroup;
			children = (
				43A9E359237FE63600C719B8 /* Base */,
			);
			name = LaunchScreen.storyboard;
			sourceTree = "<group>";
		};
/* End PBXVariantGroup section */

/* Begin XCBuildConfiguration section */
		43A9E372237FE63700C719B8 /* Debug */ = {
			isa = XCBuildConfiguration;
			buildSettings = {
				ALWAYS_SEARCH_USER_PATHS = NO;
				CLANG_ANALYZER_NONNULL = YES;
				CLANG_ANALYZER_NUMBER_OBJECT_CONVERSION = YES_AGGRESSIVE;
				CLANG_CXX_LANGUAGE_STANDARD = "gnu++14";
				CLANG_CXX_LIBRARY = "libc++";
				CLANG_ENABLE_MODULES = YES;
				CLANG_ENABLE_OBJC_ARC = YES;
				CLANG_ENABLE_OBJC_WEAK = YES;
				CLANG_WARN_BLOCK_CAPTURE_AUTORELEASING = YES;
				CLANG_WARN_BOOL_CONVERSION = YES;
				CLANG_WARN_COMMA = YES;
				CLANG_WARN_CONSTANT_CONVERSION = YES;
				CLANG_WARN_DEPRECATED_OBJC_IMPLEMENTATIONS = YES;
				CLANG_WARN_DIRECT_OBJC_ISA_USAGE = YES_ERROR;
				CLANG_WARN_DOCUMENTATION_COMMENTS = YES;
				CLANG_WARN_EMPTY_BODY = YES;
				CLANG_WARN_ENUM_CONVERSION = YES;
				CLANG_WARN_INFINITE_RECURSION = YES;
				CLANG_WARN_INT_CONVERSION = YES;
				CLANG_WARN_NON_LITERAL_NULL_CONVERSION = YES;
				CLANG_WARN_OBJC_IMPLICIT_RETAIN_SELF = YES;
				CLANG_WARN_OBJC_LITERAL_CONVERSION = YES;
				CLANG_WARN_OBJC_ROOT_CLASS = YES_ERROR;
				CLANG_WARN_RANGE_LOOP_ANALYSIS = YES;
				CLANG_WARN_STRICT_PROTOTYPES = YES;
				CLANG_WARN_SUSPICIOUS_MOVE = YES;
				CLANG_WARN_UNGUARDED_AVAILABILITY = YES_AGGRESSIVE;
				CLANG_WARN_UNREACHABLE_CODE = YES;
				CLANG_WARN__DUPLICATE_METHOD_MATCH = YES;
				COPY_PHASE_STRIP = NO;
				DEBUG_INFORMATION_FORMAT = dwarf;
				ENABLE_STRICT_OBJC_MSGSEND = YES;
				ENABLE_TESTABILITY = YES;
				GCC_C_LANGUAGE_STANDARD = gnu11;
				GCC_DYNAMIC_NO_PIC = NO;
				GCC_NO_COMMON_BLOCKS = YES;
				GCC_OPTIMIZATION_LEVEL = 0;
				GCC_PREPROCESSOR_DEFINITIONS = (
					"DEBUG=1",
					"$(inherited)",
				);
				GCC_WARN_64_TO_32_BIT_CONVERSION = YES;
				GCC_WARN_ABOUT_RETURN_TYPE = YES_ERROR;
				GCC_WARN_UNDECLARED_SELECTOR = YES;
				GCC_WARN_UNINITIALIZED_AUTOS = YES_AGGRESSIVE;
				GCC_WARN_UNUSED_FUNCTION = YES;
				GCC_WARN_UNUSED_VARIABLE = YES;
				IPHONEOS_DEPLOYMENT_TARGET = 13.2;
				MTL_ENABLE_DEBUG_INFO = INCLUDE_SOURCE;
				MTL_FAST_MATH = YES;
				ONLY_ACTIVE_ARCH = YES;
				SDKROOT = iphoneos;
				SWIFT_ACTIVE_COMPILATION_CONDITIONS = DEBUG;
				SWIFT_OPTIMIZATION_LEVEL = "-Onone";
			};
			name = Debug;
		};
		43A9E373237FE63700C719B8 /* Release */ = {
			isa = XCBuildConfiguration;
			buildSettings = {
				ALWAYS_SEARCH_USER_PATHS = NO;
				CLANG_ANALYZER_NONNULL = YES;
				CLANG_ANALYZER_NUMBER_OBJECT_CONVERSION = YES_AGGRESSIVE;
				CLANG_CXX_LANGUAGE_STANDARD = "gnu++14";
				CLANG_CXX_LIBRARY = "libc++";
				CLANG_ENABLE_MODULES = YES;
				CLANG_ENABLE_OBJC_ARC = YES;
				CLANG_ENABLE_OBJC_WEAK = YES;
				CLANG_WARN_BLOCK_CAPTURE_AUTORELEASING = YES;
				CLANG_WARN_BOOL_CONVERSION = YES;
				CLANG_WARN_COMMA = YES;
				CLANG_WARN_CONSTANT_CONVERSION = YES;
				CLANG_WARN_DEPRECATED_OBJC_IMPLEMENTATIONS = YES;
				CLANG_WARN_DIRECT_OBJC_ISA_USAGE = YES_ERROR;
				CLANG_WARN_DOCUMENTATION_COMMENTS = YES;
				CLANG_WARN_EMPTY_BODY = YES;
				CLANG_WARN_ENUM_CONVERSION = YES;
				CLANG_WARN_INFINITE_RECURSION = YES;
				CLANG_WARN_INT_CONVERSION = YES;
				CLANG_WARN_NON_LITERAL_NULL_CONVERSION = YES;
				CLANG_WARN_OBJC_IMPLICIT_RETAIN_SELF = YES;
				CLANG_WARN_OBJC_LITERAL_CONVERSION = YES;
				CLANG_WARN_OBJC_ROOT_CLASS = YES_ERROR;
				CLANG_WARN_RANGE_LOOP_ANALYSIS = YES;
				CLANG_WARN_STRICT_PROTOTYPES = YES;
				CLANG_WARN_SUSPICIOUS_MOVE = YES;
				CLANG_WARN_UNGUARDED_AVAILABILITY = YES_AGGRESSIVE;
				CLANG_WARN_UNREACHABLE_CODE = YES;
				CLANG_WARN__DUPLICATE_METHOD_MATCH = YES;
				COPY_PHASE_STRIP = NO;
				DEBUG_INFORMATION_FORMAT = "dwarf-with-dsym";
				ENABLE_NS_ASSERTIONS = NO;
				ENABLE_STRICT_OBJC_MSGSEND = YES;
				GCC_C_LANGUAGE_STANDARD = gnu11;
				GCC_NO_COMMON_BLOCKS = YES;
				GCC_WARN_64_TO_32_BIT_CONVERSION = YES;
				GCC_WARN_ABOUT_RETURN_TYPE = YES_ERROR;
				GCC_WARN_UNDECLARED_SELECTOR = YES;
				GCC_WARN_UNINITIALIZED_AUTOS = YES_AGGRESSIVE;
				GCC_WARN_UNUSED_FUNCTION = YES;
				GCC_WARN_UNUSED_VARIABLE = YES;
				IPHONEOS_DEPLOYMENT_TARGET = 13.2;
				MTL_ENABLE_DEBUG_INFO = NO;
				MTL_FAST_MATH = YES;
				SDKROOT = iphoneos;
				SWIFT_COMPILATION_MODE = wholemodule;
				SWIFT_OPTIMIZATION_LEVEL = "-O";
				VALIDATE_PRODUCT = YES;
			};
			name = Release;
		};
		43A9E375237FE63700C719B8 /* Debug */ = {
			isa = XCBuildConfiguration;
			buildSettings = {
				ASSETCATALOG_COMPILER_APPICON_NAME = AppIcon;
				CODE_SIGN_STYLE = Automatic;
				DEVELOPMENT_ASSET_PATHS = "\"RedditSwiftUI/Preview Content\"";
				DEVELOPMENT_TEAM = X996M9YRNJ;
				ENABLE_PREVIEWS = YES;
				INFOPLIST_FILE = RedditSwiftUI/Info.plist;
				LD_RUNPATH_SEARCH_PATHS = (
					"$(inherited)",
					"@executable_path/Frameworks",
				);
				PRODUCT_BUNDLE_IDENTIFIER = com.mikayelaghasyan.RedditSwiftUI;
				PRODUCT_NAME = "Reddit Tip Creator";
				SWIFT_VERSION = 5.0;
				TARGETED_DEVICE_FAMILY = "1,2";
			};
			name = Debug;
		};
		43A9E376237FE63700C719B8 /* Release */ = {
			isa = XCBuildConfiguration;
			buildSettings = {
				ASSETCATALOG_COMPILER_APPICON_NAME = AppIcon;
				CODE_SIGN_STYLE = Automatic;
				DEVELOPMENT_ASSET_PATHS = "\"RedditSwiftUI/Preview Content\"";
				DEVELOPMENT_TEAM = X996M9YRNJ;
				ENABLE_PREVIEWS = YES;
				INFOPLIST_FILE = RedditSwiftUI/Info.plist;
				LD_RUNPATH_SEARCH_PATHS = (
					"$(inherited)",
					"@executable_path/Frameworks",
				);
				PRODUCT_BUNDLE_IDENTIFIER = com.mikayelaghasyan.RedditSwiftUI;
				PRODUCT_NAME = "Reddit Tip Creator";
				SWIFT_VERSION = 5.0;
				TARGETED_DEVICE_FAMILY = "1,2";
			};
			name = Release;
		};
		43A9E378237FE63700C719B8 /* Debug */ = {
			isa = XCBuildConfiguration;
			buildSettings = {
				ALWAYS_EMBED_SWIFT_STANDARD_LIBRARIES = YES;
				BUNDLE_LOADER = "$(TEST_HOST)";
				CODE_SIGN_STYLE = Automatic;
				DEVELOPMENT_TEAM = X996M9YRNJ;
				INFOPLIST_FILE = RedditSwiftUITests/Info.plist;
				IPHONEOS_DEPLOYMENT_TARGET = 13.2;
				LD_RUNPATH_SEARCH_PATHS = (
					"$(inherited)",
					"@executable_path/Frameworks",
					"@loader_path/Frameworks",
				);
				PRODUCT_BUNDLE_IDENTIFIER = com.mikayelaghasyan.RedditSwiftUITests;
				PRODUCT_NAME = "$(TARGET_NAME)";
				SWIFT_VERSION = 5.0;
				TARGETED_DEVICE_FAMILY = "1,2";
				TEST_HOST = "$(BUILT_PRODUCTS_DIR)/RedditSwiftUI.app/RedditSwiftUI";
			};
			name = Debug;
		};
		43A9E379237FE63700C719B8 /* Release */ = {
			isa = XCBuildConfiguration;
			buildSettings = {
				ALWAYS_EMBED_SWIFT_STANDARD_LIBRARIES = YES;
				BUNDLE_LOADER = "$(TEST_HOST)";
				CODE_SIGN_STYLE = Automatic;
				DEVELOPMENT_TEAM = X996M9YRNJ;
				INFOPLIST_FILE = RedditSwiftUITests/Info.plist;
				IPHONEOS_DEPLOYMENT_TARGET = 13.2;
				LD_RUNPATH_SEARCH_PATHS = (
					"$(inherited)",
					"@executable_path/Frameworks",
					"@loader_path/Frameworks",
				);
				PRODUCT_BUNDLE_IDENTIFIER = com.mikayelaghasyan.RedditSwiftUITests;
				PRODUCT_NAME = "$(TARGET_NAME)";
				SWIFT_VERSION = 5.0;
				TARGETED_DEVICE_FAMILY = "1,2";
				TEST_HOST = "$(BUILT_PRODUCTS_DIR)/RedditSwiftUI.app/RedditSwiftUI";
			};
			name = Release;
		};
		43A9E37B237FE63700C719B8 /* Debug */ = {
			isa = XCBuildConfiguration;
			buildSettings = {
				ALWAYS_EMBED_SWIFT_STANDARD_LIBRARIES = YES;
				CODE_SIGN_STYLE = Automatic;
				DEVELOPMENT_TEAM = X996M9YRNJ;
				INFOPLIST_FILE = RedditSwiftUIUITests/Info.plist;
				LD_RUNPATH_SEARCH_PATHS = (
					"$(inherited)",
					"@executable_path/Frameworks",
					"@loader_path/Frameworks",
				);
				PRODUCT_BUNDLE_IDENTIFIER = com.mikayelaghasyan.RedditSwiftUIUITests;
				PRODUCT_NAME = "$(TARGET_NAME)";
				SWIFT_VERSION = 5.0;
				TARGETED_DEVICE_FAMILY = "1,2";
				TEST_TARGET_NAME = RedditSwiftUI;
			};
			name = Debug;
		};
		43A9E37C237FE63700C719B8 /* Release */ = {
			isa = XCBuildConfiguration;
			buildSettings = {
				ALWAYS_EMBED_SWIFT_STANDARD_LIBRARIES = YES;
				CODE_SIGN_STYLE = Automatic;
				DEVELOPMENT_TEAM = X996M9YRNJ;
				INFOPLIST_FILE = RedditSwiftUIUITests/Info.plist;
				LD_RUNPATH_SEARCH_PATHS = (
					"$(inherited)",
					"@executable_path/Frameworks",
					"@loader_path/Frameworks",
				);
				PRODUCT_BUNDLE_IDENTIFIER = com.mikayelaghasyan.RedditSwiftUIUITests;
				PRODUCT_NAME = "$(TARGET_NAME)";
				SWIFT_VERSION = 5.0;
				TARGETED_DEVICE_FAMILY = "1,2";
				TEST_TARGET_NAME = RedditSwiftUI;
			};
			name = Release;
		};
/* End XCBuildConfiguration section */

/* Begin XCConfigurationList section */
		43A9E345237FE63400C719B8 /* Build configuration list for PBXProject "RedditSwiftUI" */ = {
			isa = XCConfigurationList;
			buildConfigurations = (
				43A9E372237FE63700C719B8 /* Debug */,
				43A9E373237FE63700C719B8 /* Release */,
			);
			defaultConfigurationIsVisible = 0;
			defaultConfigurationName = Release;
		};
		43A9E374237FE63700C719B8 /* Build configuration list for PBXNativeTarget "RedditSwiftUI" */ = {
			isa = XCConfigurationList;
			buildConfigurations = (
				43A9E375237FE63700C719B8 /* Debug */,
				43A9E376237FE63700C719B8 /* Release */,
			);
			defaultConfigurationIsVisible = 0;
			defaultConfigurationName = Release;
		};
		43A9E377237FE63700C719B8 /* Build configuration list for PBXNativeTarget "RedditSwiftUITests" */ = {
			isa = XCConfigurationList;
			buildConfigurations = (
				43A9E378237FE63700C719B8 /* Debug */,
				43A9E379237FE63700C719B8 /* Release */,
			);
			defaultConfigurationIsVisible = 0;
			defaultConfigurationName = Release;
		};
		43A9E37A237FE63700C719B8 /* Build configuration list for PBXNativeTarget "RedditSwiftUIUITests" */ = {
			isa = XCConfigurationList;
			buildConfigurations = (
				43A9E37B237FE63700C719B8 /* Debug */,
				43A9E37C237FE63700C719B8 /* Release */,
			);
			defaultConfigurationIsVisible = 0;
			defaultConfigurationName = Release;
		};
/* End XCConfigurationList section */
	};
	rootObject = 43A9E342237FE63400C719B8 /* Project object */;
}
